
Microsoft Visual Studio Solution File, Format Version 12.00
# Visual Studio Version 17
VisualStudioVersion = 17.5.33627.172
MinimumVisualStudioVersion = 10.0.40219.1
Project("{8BC9CEB8-8B4A-11D0-8D11-00A0C91BC942}") = "Go Fish", "Go Fish\Go Fish.vcxproj", "{38E0B054-64C4-40B7-A9B8-453289BFDC17}"
EndProject
Global
	GlobalSection(SolutionConfigurationPlatforms) = preSolution
		Debug|x64 = Debug|x64
		Debug|x86 = Debug|x86
		Release|x64 = Release|x64
		Release|x86 = Release|x86
	EndGlobalSection
	GlobalSection(ProjectConfigurationPlatforms) = postSolution
		{38E0B054-64C4-40B7-A9B8-453289BFDC17}.Debug|x64.ActiveCfg = Debug|x64
		{38E0B054-64C4-40B7-A9B8-453289BFDC17}.Debug|x64.Build.0 = Debug|x64
		{38E0B054-64C4-40B7-A9B8-453289BFDC17}.Debug|x86.ActiveCfg = Debug|Win32
		{38E0B054-64C4-40B7-A9B8-453289BFDC17}.Debug|x86.Build.0 = Debug|Win32
		{38E0B054-64C4-40B7-A9B8-453289BFDC17}.Release|x64.ActiveCfg = Release|x64
		{38E0B054-64C4-40B7-A9B8-453289BFDC17}.Release|x64.Build.0 = Release|x64
		{38E0B054-64C4-40B7-A9B8-453289BFDC17}.Release|x86.ActiveCfg = Release|Win32
		{38E0B054-64C4-40B7-A9B8-453289BFDC17}.Release|x86.Build.0 = Release|Win32
	EndGlobalSection
	GlobalSection(SolutionProperties) = preSolution
		HideSolutionNode = FALSE
	EndGlobalSection
	GlobalSection(ExtensibilityGlobals) = postSolution
		SolutionGuid = {1F0708AD-634F-49C3-AAF8-ACB4469ECF9E}
	EndGlobalSection
EndGlobal
